
Microsoft Visual Studio Solution File, Format Version 12.00
# Visual Studio Version 16
VisualStudioVersion = 16.0.30907.101
MinimumVisualStudioVersion = 10.0.40219.1
Project("{FAE04EC0-301F-11D3-BF4B-00C04F79EFBC}") = "WF_lab5z3v1", "WF_lab5z3v1.csproj", "{49612FFE-14B1-4D37-8844-440A27611053}"
EndProject
Global
	GlobalSection(SolutionConfigurationPlatforms) = preSolution
		Debug|Any CPU = Debug|Any CPU
		Release|Any CPU = Release|Any CPU
	EndGlobalSection
	GlobalSection(ProjectConfigurationPlatforms) = postSolution
		{49612FFE-14B1-4D37-8844-440A27611053}.Debug|Any CPU.ActiveCfg = Debug|Any CPU
		{49612FFE-14B1-4D37-8844-440A27611053}.Debug|Any CPU.Build.0 = Debug|Any CPU
		{49612FFE-14B1-4D37-8844-440A27611053}.Release|Any CPU.ActiveCfg = Release|Any CPU
		{49612FFE-14B1-4D37-8844-440A27611053}.Release|Any CPU.Build.0 = Release|Any CPU
	EndGlobalSection
	GlobalSection(SolutionProperties) = preSolution
		HideSolutionNode = FALSE
	EndGlobalSection
	GlobalSection(ExtensibilityGlobals) = postSolution
		SolutionGuid = {C365593E-4535-4F04-8EA4-EF0AE648D8DF}
	EndGlobalSection
EndGlobal
