
Microsoft Visual Studio Solution File, Format Version 12.00
# Visual Studio Version 16
VisualStudioVersion = 16.0.30907.101
MinimumVisualStudioVersion = 10.0.40219.1
Project("{FAE04EC0-301F-11D3-BF4B-00C04F79EFBC}") = "Lab4z3v1", "Lab4z3v1.csproj", "{182B105A-6BE3-4DD8-84D3-88A5F1FD8CEE}"
EndProject
Global
	GlobalSection(SolutionConfigurationPlatforms) = preSolution
		Debug|Any CPU = Debug|Any CPU
		Release|Any CPU = Release|Any CPU
	EndGlobalSection
	GlobalSection(ProjectConfigurationPlatforms) = postSolution
		{182B105A-6BE3-4DD8-84D3-88A5F1FD8CEE}.Debug|Any CPU.ActiveCfg = Debug|Any CPU
		{182B105A-6BE3-4DD8-84D3-88A5F1FD8CEE}.Debug|Any CPU.Build.0 = Debug|Any CPU
		{182B105A-6BE3-4DD8-84D3-88A5F1FD8CEE}.Release|Any CPU.ActiveCfg = Release|Any CPU
		{182B105A-6BE3-4DD8-84D3-88A5F1FD8CEE}.Release|Any CPU.Build.0 = Release|Any CPU
	EndGlobalSection
	GlobalSection(SolutionProperties) = preSolution
		HideSolutionNode = FALSE
	EndGlobalSection
	GlobalSection(ExtensibilityGlobals) = postSolution
		SolutionGuid = {27D76E34-2F98-4AF0-9712-A4C076442051}
	EndGlobalSection
EndGlobal
