
Microsoft Visual Studio Solution File, Format Version 12.00
# Visual Studio Version 16
VisualStudioVersion = 16.0.30907.101
MinimumVisualStudioVersion = 10.0.40219.1
Project("{9A19103F-16F7-4668-BE54-9A1E7A4F7556}") = "Lab1z3v1", "Lab1z3v1.csproj", "{3F9DD6DE-3EE4-4C01-A15B-E0E3179416FE}"
EndProject
Global
	GlobalSection(SolutionConfigurationPlatforms) = preSolution
		Debug|Any CPU = Debug|Any CPU
		Release|Any CPU = Release|Any CPU
	EndGlobalSection
	GlobalSection(ProjectConfigurationPlatforms) = postSolution
		{3F9DD6DE-3EE4-4C01-A15B-E0E3179416FE}.Debug|Any CPU.ActiveCfg = Debug|Any CPU
		{3F9DD6DE-3EE4-4C01-A15B-E0E3179416FE}.Debug|Any CPU.Build.0 = Debug|Any CPU
		{3F9DD6DE-3EE4-4C01-A15B-E0E3179416FE}.Release|Any CPU.ActiveCfg = Release|Any CPU
		{3F9DD6DE-3EE4-4C01-A15B-E0E3179416FE}.Release|Any CPU.Build.0 = Release|Any CPU
	EndGlobalSection
	GlobalSection(SolutionProperties) = preSolution
		HideSolutionNode = FALSE
	EndGlobalSection
	GlobalSection(ExtensibilityGlobals) = postSolution
		SolutionGuid = {D729764F-5A12-494E-A160-A1C665FA0986}
	EndGlobalSection
EndGlobal
