
Microsoft Visual Studio Solution File, Format Version 12.00
# Visual Studio Version 16
VisualStudioVersion = 16.0.30907.101
MinimumVisualStudioVersion = 10.0.40219.1
Project("{FAE04EC0-301F-11D3-BF4B-00C04F79EFBC}") = "Lab4z6v1", "Lab4z6v1.csproj", "{279A6C5F-CDD2-4043-B392-799BCCAA9C97}"
EndProject
Global
	GlobalSection(SolutionConfigurationPlatforms) = preSolution
		Debug|Any CPU = Debug|Any CPU
		Release|Any CPU = Release|Any CPU
	EndGlobalSection
	GlobalSection(ProjectConfigurationPlatforms) = postSolution
		{279A6C5F-CDD2-4043-B392-799BCCAA9C97}.Debug|Any CPU.ActiveCfg = Debug|Any CPU
		{279A6C5F-CDD2-4043-B392-799BCCAA9C97}.Debug|Any CPU.Build.0 = Debug|Any CPU
		{279A6C5F-CDD2-4043-B392-799BCCAA9C97}.Release|Any CPU.ActiveCfg = Release|Any CPU
		{279A6C5F-CDD2-4043-B392-799BCCAA9C97}.Release|Any CPU.Build.0 = Release|Any CPU
	EndGlobalSection
	GlobalSection(SolutionProperties) = preSolution
		HideSolutionNode = FALSE
	EndGlobalSection
	GlobalSection(ExtensibilityGlobals) = postSolution
		SolutionGuid = {0B8AD8B7-BC76-46F4-96BB-51DE92A68461}
	EndGlobalSection
EndGlobal
