
Microsoft Visual Studio Solution File, Format Version 12.00
# Visual Studio Version 16
VisualStudioVersion = 16.0.30907.101
MinimumVisualStudioVersion = 10.0.40219.1
Project("{9A19103F-16F7-4668-BE54-9A1E7A4F7556}") = "Lab1z1v1", "Lab1z1v1.csproj", "{30F30DC1-8A82-4090-8457-5DAFDCF7C3F5}"
EndProject
Global
	GlobalSection(SolutionConfigurationPlatforms) = preSolution
		Debug|Any CPU = Debug|Any CPU
		Release|Any CPU = Release|Any CPU
	EndGlobalSection
	GlobalSection(ProjectConfigurationPlatforms) = postSolution
		{30F30DC1-8A82-4090-8457-5DAFDCF7C3F5}.Debug|Any CPU.ActiveCfg = Debug|Any CPU
		{30F30DC1-8A82-4090-8457-5DAFDCF7C3F5}.Debug|Any CPU.Build.0 = Debug|Any CPU
		{30F30DC1-8A82-4090-8457-5DAFDCF7C3F5}.Release|Any CPU.ActiveCfg = Release|Any CPU
		{30F30DC1-8A82-4090-8457-5DAFDCF7C3F5}.Release|Any CPU.Build.0 = Release|Any CPU
	EndGlobalSection
	GlobalSection(SolutionProperties) = preSolution
		HideSolutionNode = FALSE
	EndGlobalSection
	GlobalSection(ExtensibilityGlobals) = postSolution
		SolutionGuid = {F6D4DB13-35BC-42C7-BC1B-E6B24A9EC4CF}
	EndGlobalSection
EndGlobal
