
Microsoft Visual Studio Solution File, Format Version 12.00
# Visual Studio Version 16
VisualStudioVersion = 16.0.30907.101
MinimumVisualStudioVersion = 10.0.40219.1
Project("{FAE04EC0-301F-11D3-BF4B-00C04F79EFBC}") = "WF_lab3z2v1", "WF_lab3z2v1.csproj", "{3F54A503-D5EC-46F5-8DDA-C0CBE4208BD2}"
EndProject
Global
	GlobalSection(SolutionConfigurationPlatforms) = preSolution
		Debug|Any CPU = Debug|Any CPU
		Release|Any CPU = Release|Any CPU
	EndGlobalSection
	GlobalSection(ProjectConfigurationPlatforms) = postSolution
		{3F54A503-D5EC-46F5-8DDA-C0CBE4208BD2}.Debug|Any CPU.ActiveCfg = Debug|Any CPU
		{3F54A503-D5EC-46F5-8DDA-C0CBE4208BD2}.Debug|Any CPU.Build.0 = Debug|Any CPU
		{3F54A503-D5EC-46F5-8DDA-C0CBE4208BD2}.Release|Any CPU.ActiveCfg = Release|Any CPU
		{3F54A503-D5EC-46F5-8DDA-C0CBE4208BD2}.Release|Any CPU.Build.0 = Release|Any CPU
	EndGlobalSection
	GlobalSection(SolutionProperties) = preSolution
		HideSolutionNode = FALSE
	EndGlobalSection
	GlobalSection(ExtensibilityGlobals) = postSolution
		SolutionGuid = {015CBF5D-5413-4CDE-8A98-CD3D460C3B9A}
	EndGlobalSection
EndGlobal
