
Microsoft Visual Studio Solution File, Format Version 12.00
# Visual Studio Version 16
VisualStudioVersion = 16.0.30907.101
MinimumVisualStudioVersion = 10.0.40219.1
Project("{FAE04EC0-301F-11D3-BF4B-00C04F79EFBC}") = "Lab4z2v1", "Lab4z2v1.csproj", "{5A985256-D0E3-44F3-BF2A-911001A21365}"
EndProject
Global
	GlobalSection(SolutionConfigurationPlatforms) = preSolution
		Debug|Any CPU = Debug|Any CPU
		Release|Any CPU = Release|Any CPU
	EndGlobalSection
	GlobalSection(ProjectConfigurationPlatforms) = postSolution
		{5A985256-D0E3-44F3-BF2A-911001A21365}.Debug|Any CPU.ActiveCfg = Debug|Any CPU
		{5A985256-D0E3-44F3-BF2A-911001A21365}.Debug|Any CPU.Build.0 = Debug|Any CPU
		{5A985256-D0E3-44F3-BF2A-911001A21365}.Release|Any CPU.ActiveCfg = Release|Any CPU
		{5A985256-D0E3-44F3-BF2A-911001A21365}.Release|Any CPU.Build.0 = Release|Any CPU
	EndGlobalSection
	GlobalSection(SolutionProperties) = preSolution
		HideSolutionNode = FALSE
	EndGlobalSection
	GlobalSection(ExtensibilityGlobals) = postSolution
		SolutionGuid = {BED7CE86-0E3A-4B41-BE7C-813BF8E93C41}
	EndGlobalSection
EndGlobal
