
Microsoft Visual Studio Solution File, Format Version 12.00
# Visual Studio Version 16
VisualStudioVersion = 16.0.30907.101
MinimumVisualStudioVersion = 10.0.40219.1
Project("{FAE04EC0-301F-11D3-BF4B-00C04F79EFBC}") = "Lab9z1v1", "Lab9z1v1.csproj", "{1511B4DE-135E-485C-B7F3-DBAE39ADF93F}"
EndProject
Global
	GlobalSection(SolutionConfigurationPlatforms) = preSolution
		Debug|Any CPU = Debug|Any CPU
		Release|Any CPU = Release|Any CPU
	EndGlobalSection
	GlobalSection(ProjectConfigurationPlatforms) = postSolution
		{1511B4DE-135E-485C-B7F3-DBAE39ADF93F}.Debug|Any CPU.ActiveCfg = Debug|Any CPU
		{1511B4DE-135E-485C-B7F3-DBAE39ADF93F}.Debug|Any CPU.Build.0 = Debug|Any CPU
		{1511B4DE-135E-485C-B7F3-DBAE39ADF93F}.Release|Any CPU.ActiveCfg = Release|Any CPU
		{1511B4DE-135E-485C-B7F3-DBAE39ADF93F}.Release|Any CPU.Build.0 = Release|Any CPU
	EndGlobalSection
	GlobalSection(SolutionProperties) = preSolution
		HideSolutionNode = FALSE
	EndGlobalSection
	GlobalSection(ExtensibilityGlobals) = postSolution
		SolutionGuid = {9EA8E25C-D7CC-465C-877B-CED77B8DC195}
	EndGlobalSection
EndGlobal
